
Microsoft Visual Studio Solution File, Format Version 12.00
# Visual Studio Version 17
VisualStudioVersion = 17.6.33829.357
MinimumVisualStudioVersion = 10.0.40219.1
Project("{2150E333-8FDC-42A3-9474-1A3956D46DE8}") = "src", "src", "{69F65B5A-AA9C-4D9B-8F70-0D0D33052D87}"
EndProject
Project("{2150E333-8FDC-42A3-9474-1A3956D46DE8}") = "Solution Items", "Solution Items", "{959253DF-ED16-4D50-9611-54E666C30B5C}"
EndProject
Project("{2150E333-8FDC-42A3-9474-1A3956D46DE8}") = "test", "test", "{62976C02-9AC7-450D-8634-FB01F357F47B}"
EndProject
Project("{2150E333-8FDC-42A3-9474-1A3956D46DE8}") = "tools", "tools", "{F2E02870-506A-46D6-960F-B7DA38607B5E}"
EndProject
Project("{00D1A9C2-B5F0-4AF3-8072-F6C62B433612}") = "Openchain.SqlServer.Schema", "tools\Openchain.SqlServer.Schema\Openchain.SqlServer.Schema.sqlproj", "{B7AE3B37-042A-4083-B227-CBE1FAF40644}"
EndProject
Project("{9A19103F-16F7-4668-BE54-9A1E7A4F7556}") = "Openchain.Abstractions", "src\Openchain.Abstractions\Openchain.Abstractions.csproj", "{9DC02335-50E0-4EF9-81BF-2F712C909BC7}"
EndProject
Project("{9A19103F-16F7-4668-BE54-9A1E7A4F7556}") = "Openchain.Infrastructure", "src\Openchain.Infrastructure\Openchain.Infrastructure.csproj", "{170D3E6D-6AC8-4E27-BCAA-F52F8BE43A7C}"
EndProject
Project("{9A19103F-16F7-4668-BE54-9A1E7A4F7556}") = "Openchain.Server", "src\Openchain.Server\Openchain.Server.csproj", "{47AC5B6B-976E-421C-9733-F1EF7A1A9154}"
EndProject
Project("{9A19103F-16F7-4668-BE54-9A1E7A4F7556}") = "Openchain.Validation.PermissionBased", "src\Openchain.Validation.PermissionBased\Openchain.Validation.PermissionBased.csproj", "{757DEB49-8AB7-4E73-AD4C-7BDFF38333C3}"
EndProject
Project("{9A19103F-16F7-4668-BE54-9A1E7A4F7556}") = "Openchain.Anchoring.Blockchain", "src\Openchain.Anchoring.Blockchain\Openchain.Anchoring.Blockchain.csproj", "{A1137B63-F886-4C15-83EE-309BC531D719}"
EndProject
Project("{9A19103F-16F7-4668-BE54-9A1E7A4F7556}") = "Openchain.Sqlite", "src\Openchain.Sqlite\Openchain.Sqlite.csproj", "{1D864654-BDE9-421C-A201-C25095F7D267}"
EndProject
Project("{9A19103F-16F7-4668-BE54-9A1E7A4F7556}") = "Openchain.SqlServer", "src\Openchain.SqlServer\Openchain.SqlServer.csproj", "{04570245-8BD0-46B9-A33E-8D126559365F}"
EndProject
Project("{9A19103F-16F7-4668-BE54-9A1E7A4F7556}") = "Openchain", "src\Openchain\Openchain.csproj", "{8963863A-E4C2-41BB-883F-36F168002E69}"
EndProject
Project("{9A19103F-16F7-4668-BE54-9A1E7A4F7556}") = "Openchain.Abstractions.Tests", "test\Openchain.Abstractions.Tests\Openchain.Abstractions.Tests.csproj", "{EF0D899E-4463-4C16-9A13-0FA3B086808B}"
EndProject
Project("{9A19103F-16F7-4668-BE54-9A1E7A4F7556}") = "Openchain.Infrastructure.Tests", "test\Openchain.Infrastructure.Tests\Openchain.Infrastructure.Tests.csproj", "{5CF6264D-4E36-47A9-A3FC-906E4131FF03}"
EndProject
Project("{9A19103F-16F7-4668-BE54-9A1E7A4F7556}") = "Openchain.Validation.PermissionBased.Tests", "test\Openchain.Validation.PermissionBased.Tests\Openchain.Validation.PermissionBased.Tests.csproj", "{4B8EF3F1-066B-4FF5-A7BF-6AF9DE99158E}"
EndProject
Project("{9A19103F-16F7-4668-BE54-9A1E7A4F7556}") = "Openchain.Sqlite.Tests", "test\Openchain.Sqlite.Tests\Openchain.Sqlite.Tests.csproj", "{3794E516-7909-4888-BB45-D7F69EE71399}"
EndProject
Project("{9A19103F-16F7-4668-BE54-9A1E7A4F7556}") = "Openchain.SqlServer.Tests", "test\Openchain.SqlServer.Tests\Openchain.SqlServer.Tests.csproj", "{47B6C6EC-9627-45ED-9F27-8FCA7D572AFB}"
EndProject
Project("{9A19103F-16F7-4668-BE54-9A1E7A4F7556}") = "Openchain.EntityFrameworkCore", "src\Openchain.EntityFrameworkCore\Openchain.EntityFrameworkCore.csproj", "{F51B837A-7B7C-421C-B64F-77BA36ACD995}"
EndProject
Project("{9A19103F-16F7-4668-BE54-9A1E7A4F7556}") = "Openchain.EntityFrameworkCore.Tests", "test\Openchain.EntityFrameworkCore.Tests\Openchain.EntityFrameworkCore.Tests.csproj", "{FAA1B4A0-44E0-4227-863C-66096F2A7B97}"
EndProject
Project("{9A19103F-16F7-4668-BE54-9A1E7A4F7556}") = "Openchain.SDK", "src\Openchain.SDK\Openchain.SDK.csproj", "{F9A89FA1-3BCE-4A5A-A3E6-67707666C22C}"
EndProject
Global
	GlobalSection(SolutionConfigurationPlatforms) = preSolution
		Debug|Any CPU = Debug|Any CPU
		Release|Any CPU = Release|Any CPU
	EndGlobalSection
	GlobalSection(ProjectConfigurationPlatforms) = postSolution
		{B7AE3B37-042A-4083-B227-CBE1FAF40644}.Debug|Any CPU.ActiveCfg = Debug|Any CPU
		{B7AE3B37-042A-4083-B227-CBE1FAF40644}.Debug|Any CPU.Build.0 = Debug|Any CPU
		{B7AE3B37-042A-4083-B227-CBE1FAF40644}.Debug|Any CPU.Deploy.0 = Debug|Any CPU
		{B7AE3B37-042A-4083-B227-CBE1FAF40644}.Release|Any CPU.ActiveCfg = Release|Any CPU
		{B7AE3B37-042A-4083-B227-CBE1FAF40644}.Release|Any CPU.Build.0 = Release|Any CPU
		{B7AE3B37-042A-4083-B227-CBE1FAF40644}.Release|Any CPU.Deploy.0 = Release|Any CPU
		{9DC02335-50E0-4EF9-81BF-2F712C909BC7}.Debug|Any CPU.ActiveCfg = Debug|Any CPU
		{9DC02335-50E0-4EF9-81BF-2F712C909BC7}.Debug|Any CPU.Build.0 = Debug|Any CPU
		{9DC02335-50E0-4EF9-81BF-2F712C909BC7}.Release|Any CPU.ActiveCfg = Release|Any CPU
		{9DC02335-50E0-4EF9-81BF-2F712C909BC7}.Release|Any CPU.Build.0 = Release|Any CPU
		{170D3E6D-6AC8-4E27-BCAA-F52F8BE43A7C}.Debug|Any CPU.ActiveCfg = Debug|Any CPU
		{170D3E6D-6AC8-4E27-BCAA-F52F8BE43A7C}.Debug|Any CPU.Build.0 = Debug|Any CPU
		{170D3E6D-6AC8-4E27-BCAA-F52F8BE43A7C}.Release|Any CPU.ActiveCfg = Release|Any CPU
		{170D3E6D-6AC8-4E27-BCAA-F52F8BE43A7C}.Release|Any CPU.Build.0 = Release|Any CPU
		{47AC5B6B-976E-421C-9733-F1EF7A1A9154}.Debug|Any CPU.ActiveCfg = Debug|Any CPU
		{47AC5B6B-976E-421C-9733-F1EF7A1A9154}.Debug|Any CPU.Build.0 = Debug|Any CPU
		{47AC5B6B-976E-421C-9733-F1EF7A1A9154}.Release|Any CPU.ActiveCfg = Release|Any CPU
		{47AC5B6B-976E-421C-9733-F1EF7A1A9154}.Release|Any CPU.Build.0 = Release|Any CPU
		{757DEB49-8AB7-4E73-AD4C-7BDFF38333C3}.Debug|Any CPU.ActiveCfg = Debug|Any CPU
		{757DEB49-8AB7-4E73-AD4C-7BDFF38333C3}.Debug|Any CPU.Build.0 = Debug|Any CPU
		{757DEB49-8AB7-4E73-AD4C-7BDFF38333C3}.Release|Any CPU.ActiveCfg = Release|Any CPU
		{757DEB49-8AB7-4E73-AD4C-7BDFF38333C3}.Release|Any CPU.Build.0 = Release|Any CPU
		{A1137B63-F886-4C15-83EE-309BC531D719}.Debug|Any CPU.ActiveCfg = Debug|Any CPU
		{A1137B63-F886-4C15-83EE-309BC531D719}.Debug|Any CPU.Build.0 = Debug|Any CPU
		{A1137B63-F886-4C15-83EE-309BC531D719}.Release|Any CPU.ActiveCfg = Release|Any CPU
		{A1137B63-F886-4C15-83EE-309BC531D719}.Release|Any CPU.Build.0 = Release|Any CPU
		{1D864654-BDE9-421C-A201-C25095F7D267}.Debug|Any CPU.ActiveCfg = Debug|Any CPU
		{1D864654-BDE9-421C-A201-C25095F7D267}.Debug|Any CPU.Build.0 = Debug|Any CPU
		{1D864654-BDE9-421C-A201-C25095F7D267}.Release|Any CPU.ActiveCfg = Release|Any CPU
		{1D864654-BDE9-421C-A201-C25095F7D267}.Release|Any CPU.Build.0 = Release|Any CPU
		{04570245-8BD0-46B9-A33E-8D126559365F}.Debug|Any CPU.ActiveCfg = Debug|Any CPU
		{04570245-8BD0-46B9-A33E-8D126559365F}.Debug|Any CPU.Build.0 = Debug|Any CPU
		{04570245-8BD0-46B9-A33E-8D126559365F}.Release|Any CPU.ActiveCfg = Release|Any CPU
		{04570245-8BD0-46B9-A33E-8D126559365F}.Release|Any CPU.Build.0 = Release|Any CPU
		{8963863A-E4C2-41BB-883F-36F168002E69}.Debug|Any CPU.ActiveCfg = Debug|Any CPU
		{8963863A-E4C2-41BB-883F-36F168002E69}.Debug|Any CPU.Build.0 = Debug|Any CPU
		{8963863A-E4C2-41BB-883F-36F168002E69}.Release|Any CPU.ActiveCfg = Release|Any CPU
		{8963863A-E4C2-41BB-883F-36F168002E69}.Release|Any CPU.Build.0 = Release|Any CPU
		{EF0D899E-4463-4C16-9A13-0FA3B086808B}.Debug|Any CPU.ActiveCfg = Debug|Any CPU
		{EF0D899E-4463-4C16-9A13-0FA3B086808B}.Debug|Any CPU.Build.0 = Debug|Any CPU
		{EF0D899E-4463-4C16-9A13-0FA3B086808B}.Release|Any CPU.ActiveCfg = Release|Any CPU
		{EF0D899E-4463-4C16-9A13-0FA3B086808B}.Release|Any CPU.Build.0 = Release|Any CPU
		{5CF6264D-4E36-47A9-A3FC-906E4131FF03}.Debug|Any CPU.ActiveCfg = Debug|Any CPU
		{5CF6264D-4E36-47A9-A3FC-906E4131FF03}.Debug|Any CPU.Build.0 = Debug|Any CPU
		{5CF6264D-4E36-47A9-A3FC-906E4131FF03}.Release|Any CPU.ActiveCfg = Release|Any CPU
		{5CF6264D-4E36-47A9-A3FC-906E4131FF03}.Release|Any CPU.Build.0 = Release|Any CPU
		{4B8EF3F1-066B-4FF5-A7BF-6AF9DE99158E}.Debug|Any CPU.ActiveCfg = Debug|Any CPU
		{4B8EF3F1-066B-4FF5-A7BF-6AF9DE99158E}.Debug|Any CPU.Build.0 = Debug|Any CPU
		{4B8EF3F1-066B-4FF5-A7BF-6AF9DE99158E}.Release|Any CPU.ActiveCfg = Release|Any CPU
		{4B8EF3F1-066B-4FF5-A7BF-6AF9DE99158E}.Release|Any CPU.Build.0 = Release|Any CPU
		{3794E516-7909-4888-BB45-D7F69EE71399}.Debug|Any CPU.ActiveCfg = Debug|Any CPU
		{3794E516-7909-4888-BB45-D7F69EE71399}.Debug|Any CPU.Build.0 = Debug|Any CPU
		{3794E516-7909-4888-BB45-D7F69EE71399}.Release|Any CPU.ActiveCfg = Release|Any CPU
		{3794E516-7909-4888-BB45-D7F69EE71399}.Release|Any CPU.Build.0 = Release|Any CPU
		{47B6C6EC-9627-45ED-9F27-8FCA7D572AFB}.Debug|Any CPU.ActiveCfg = Debug|Any CPU
		{47B6C6EC-9627-45ED-9F27-8FCA7D572AFB}.Debug|Any CPU.Build.0 = Debug|Any CPU
		{47B6C6EC-9627-45ED-9F27-8FCA7D572AFB}.Release|Any CPU.ActiveCfg = Release|Any CPU
		{47B6C6EC-9627-45ED-9F27-8FCA7D572AFB}.Release|Any CPU.Build.0 = Release|Any CPU
		{F51B837A-7B7C-421C-B64F-77BA36ACD995}.Debug|Any CPU.ActiveCfg = Debug|Any CPU
		{F51B837A-7B7C-421C-B64F-77BA36ACD995}.Debug|Any CPU.Build.0 = Debug|Any CPU
		{F51B837A-7B7C-421C-B64F-77BA36ACD995}.Release|Any CPU.ActiveCfg = Release|Any CPU
		{F51B837A-7B7C-421C-B64F-77BA36ACD995}.Release|Any CPU.Build.0 = Release|Any CPU
		{FAA1B4A0-44E0-4227-863C-66096F2A7B97}.Debug|Any CPU.ActiveCfg = Debug|Any CPU
		{FAA1B4A0-44E0-4227-863C-66096F2A7B97}.Debug|Any CPU.Build.0 = Debug|Any CPU
		{FAA1B4A0-44E0-4227-863C-66096F2A7B97}.Release|Any CPU.ActiveCfg = Release|Any CPU
		{FAA1B4A0-44E0-4227-863C-66096F2A7B97}.Release|Any CPU.Build.0 = Release|Any CPU
		{F9A89FA1-3BCE-4A5A-A3E6-67707666C22C}.Debug|Any CPU.ActiveCfg = Debug|Any CPU
		{F9A89FA1-3BCE-4A5A-A3E6-67707666C22C}.Debug|Any CPU.Build.0 = Debug|Any CPU
		{F9A89FA1-3BCE-4A5A-A3E6-67707666C22C}.Release|Any CPU.ActiveCfg = Release|Any CPU
		{F9A89FA1-3BCE-4A5A-A3E6-67707666C22C}.Release|Any CPU.Build.0 = Release|Any CPU
	EndGlobalSection
	GlobalSection(SolutionProperties) = preSolution
		HideSolutionNode = FALSE
	EndGlobalSection
	GlobalSection(NestedProjects) = preSolution
		{B7AE3B37-042A-4083-B227-CBE1FAF40644} = {F2E02870-506A-46D6-960F-B7DA38607B5E}
		{9DC02335-50E0-4EF9-81BF-2F712C909BC7} = {69F65B5A-AA9C-4D9B-8F70-0D0D33052D87}
		{170D3E6D-6AC8-4E27-BCAA-F52F8BE43A7C} = {69F65B5A-AA9C-4D9B-8F70-0D0D33052D87}
		{47AC5B6B-976E-421C-9733-F1EF7A1A9154} = {69F65B5A-AA9C-4D9B-8F70-0D0D33052D87}
		{757DEB49-8AB7-4E73-AD4C-7BDFF38333C3} = {69F65B5A-AA9C-4D9B-8F70-0D0D33052D87}
		{A1137B63-F886-4C15-83EE-309BC531D719} = {69F65B5A-AA9C-4D9B-8F70-0D0D33052D87}
		{1D864654-BDE9-421C-A201-C25095F7D267} = {69F65B5A-AA9C-4D9B-8F70-0D0D33052D87}
		{04570245-8BD0-46B9-A33E-8D126559365F} = {69F65B5A-AA9C-4D9B-8F70-0D0D33052D87}
		{8963863A-E4C2-41BB-883F-36F168002E69} = {69F65B5A-AA9C-4D9B-8F70-0D0D33052D87}
		{EF0D899E-4463-4C16-9A13-0FA3B086808B} = {62976C02-9AC7-450D-8634-FB01F357F47B}
		{5CF6264D-4E36-47A9-A3FC-906E4131FF03} = {62976C02-9AC7-450D-8634-FB01F357F47B}
		{4B8EF3F1-066B-4FF5-A7BF-6AF9DE99158E} = {62976C02-9AC7-450D-8634-FB01F357F47B}
		{3794E516-7909-4888-BB45-D7F69EE71399} = {62976C02-9AC7-450D-8634-FB01F357F47B}
		{47B6C6EC-9627-45ED-9F27-8FCA7D572AFB} = {62976C02-9AC7-450D-8634-FB01F357F47B}
		{F51B837A-7B7C-421C-B64F-77BA36ACD995} = {69F65B5A-AA9C-4D9B-8F70-0D0D33052D87}
		{FAA1B4A0-44E0-4227-863C-66096F2A7B97} = {62976C02-9AC7-450D-8634-FB01F357F47B}
		{F9A89FA1-3BCE-4A5A-A3E6-67707666C22C} = {69F65B5A-AA9C-4D9B-8F70-0D0D33052D87}
	EndGlobalSection
	GlobalSection(ExtensibilityGlobals) = postSolution
		SolutionGuid = {9C789C29-8A4E-4401-BD4C-19C58303E8B6}
	EndGlobalSection
EndGlobal
